
Microsoft Visual Studio Solution File, Format Version 12.00
# Visual Studio Version 17
VisualStudioVersion = 17.9.34607.119
MinimumVisualStudioVersion = 10.0.40219.1
Project("{FAE04EC0-301F-11D3-BF4B-00C04F79EFBC}") = "Editor", "Editor.csproj", "{A250D91A-E2D0-4360-9E9F-A637DF53F5D3}"
EndProject
Global
	GlobalSection(SolutionConfigurationPlatforms) = preSolution
		Debug|Any CPU = Debug|Any CPU
		Release|Any CPU = Release|Any CPU
	EndGlobalSection
	GlobalSection(ProjectConfigurationPlatforms) = postSolution
		{A250D91A-E2D0-4360-9E9F-A637DF53F5D3}.Debug|Any CPU.ActiveCfg = Debug|Any CPU
		{A250D91A-E2D0-4360-9E9F-A637DF53F5D3}.Debug|Any CPU.Build.0 = Debug|Any CPU
		{A250D91A-E2D0-4360-9E9F-A637DF53F5D3}.Release|Any CPU.ActiveCfg = Release|Any CPU
		{A250D91A-E2D0-4360-9E9F-A637DF53F5D3}.Release|Any CPU.Build.0 = Release|Any CPU
	EndGlobalSection
	GlobalSection(SolutionProperties) = preSolution
		HideSolutionNode = FALSE
	EndGlobalSection
	GlobalSection(ExtensibilityGlobals) = postSolution
		SolutionGuid = {F3A891C0-0BE6-4D11-960C-5A148EC5A868}
	EndGlobalSection
EndGlobal
